
Microsoft Visual Studio Solution File, Format Version 12.00
# Visual Studio Version 16
VisualStudioVersion = 16.0.31424.327
MinimumVisualStudioVersion = 10.0.40219.1
Project("{FAE04EC0-301F-11D3-BF4B-00C04F79EFBC}") = "primeiraAPI", "primeiraAPI\primeiraAPI.csproj", "{B70974DE-DBE3-437E-AC14-050279BC17B2}"
EndProject
Global
	GlobalSection(SolutionConfigurationPlatforms) = preSolution
		Debug|Any CPU = Debug|Any CPU
		Release|Any CPU = Release|Any CPU
	EndGlobalSection
	GlobalSection(ProjectConfigurationPlatforms) = postSolution
		{B70974DE-DBE3-437E-AC14-050279BC17B2}.Debug|Any CPU.ActiveCfg = Debug|Any CPU
		{B70974DE-DBE3-437E-AC14-050279BC17B2}.Debug|Any CPU.Build.0 = Debug|Any CPU
		{B70974DE-DBE3-437E-AC14-050279BC17B2}.Release|Any CPU.ActiveCfg = Release|Any CPU
		{B70974DE-DBE3-437E-AC14-050279BC17B2}.Release|Any CPU.Build.0 = Release|Any CPU
	EndGlobalSection
	GlobalSection(SolutionProperties) = preSolution
		HideSolutionNode = FALSE
	EndGlobalSection
	GlobalSection(ExtensibilityGlobals) = postSolution
		SolutionGuid = {0A04DBE0-DFDB-4295-864E-F43C26C82A28}
	EndGlobalSection
EndGlobal
